<Solution>
  <Project Path="../../Packages/Ametrin.Numerics/generator/Ametrin.Numerics.Generator.csproj" />
  <Project Path="../../Packages/Ametrin.Numerics/src/Ametrin.Numerics.csproj" />
  <Project Path="../../Packages/Ametrin.Utils/src/Ametrin.Utils.csproj" />
  <Project Path="ML.Core/ML.Core.csproj" />
  <Project Path="ML.Runner/ML.Runner.csproj" />
</Solution>
