
Microsoft Visual Studio Solution File, Format Version 12.00
# Visual Studio Version 17
VisualStudioVersion = 17.5.2.0
MinimumVisualStudioVersion = 10.0.40219.1
Project("{9A19103F-16F7-4668-BE54-9A1E7A4F7556}") = "MachineLearning.Model", "MachineLearning.Model\MachineLearning.Model.csproj", "{7730AEEE-5540-4E56-8725-66E2E8D8D686}"
EndProject
Project("{9A19103F-16F7-4668-BE54-9A1E7A4F7556}") = "MachineLearning.Training", "MachineLearning.Training\MachineLearning.Training.csproj", "{68FCA961-7AD2-453D-9790-322D470A78AF}"
EndProject
Project("{9A19103F-16F7-4668-BE54-9A1E7A4F7556}") = "MachineLearning.Training.GUI", "MachineLearning.Training.GUI\MachineLearning.Training.GUI.csproj", "{EA7DB9C1-1001-4DB5-B6E4-403F522A12C4}"
EndProject
Project("{9A19103F-16F7-4668-BE54-9A1E7A4F7556}") = "MachineLearning.Serialization", "MachineLearning.Serialization\MachineLearning.Serialization.csproj", "{E9710AB2-83D7-48D9-AE4C-B5F3FFFCEA23}"
EndProject
Project("{9A19103F-16F7-4668-BE54-9A1E7A4F7556}") = "MachineLearning.Data", "MachineLearning.Data\MachineLearning.Data.csproj", "{6EEFFECC-C7DF-492B-A1F7-491F353BB55C}"
EndProject
Project("{9A19103F-16F7-4668-BE54-9A1E7A4F7556}") = "MachineLearning.Samples", "MachineLearning.Samples\MachineLearning.Samples.csproj", "{9E21246A-B637-4411-88E0-B6E47A2D51FD}"
EndProject
Project("{9A19103F-16F7-4668-BE54-9A1E7A4F7556}") = "MachineLearning.Benchmarks", "MachineLearning.Benchmarks\MachineLearning.Benchmarks.csproj", "{FDB6DEC6-512B-42C2-95D6-5772D843E3F8}"
EndProject
Project("{FAE04EC0-301F-11D3-BF4B-00C04F79EFBC}") = "Ametrin.Numerics", "Ametrin.Numerics\Ametrin.Numerics.csproj", "{6B9444C3-726A-483E-9D71-BE0229ACF28D}"
EndProject
Project("{FAE04EC0-301F-11D3-BF4B-00C04F79EFBC}") = "Simple", "Simple\Simple.csproj", "{88540E64-78F3-4ACA-B6A9-319EF2A2AF12}"
EndProject
Project("{FAE04EC0-301F-11D3-BF4B-00C04F79EFBC}") = "MachineLearning.Visual", "MachineLearning.Visual\MachineLearning.Visual.csproj", "{B7DA7703-7CF5-43BF-9CE5-F2EF48314692}"
EndProject
Project("{FAE04EC0-301F-11D3-BF4B-00C04F79EFBC}") = "Ametrin.Utils", "..\..\Packages\Ametrin.Utils\src\Ametrin.Utils.csproj", "{B2499507-D66D-4058-987F-609EA96357AF}"
EndProject
Project("{FAE04EC0-301F-11D3-BF4B-00C04F79EFBC}") = "MachineLearning.Mamba", "MachineLearning.Mamba\MachineLearning.Mamba.csproj", "{246663C0-9694-4126-A794-EF36E5E4603F}"
EndProject
Project("{FAE04EC0-301F-11D3-BF4B-00C04F79EFBC}") = "ML.Analyzer", "analyzer\ML.Analyzer.csproj", "{7A02AE53-C117-4D4C-B886-6B1FFF748F2A}"
EndProject
Global
	GlobalSection(SolutionConfigurationPlatforms) = preSolution
		Debug|Any CPU = Debug|Any CPU
		Debug|x64 = Debug|x64
		Debug|x86 = Debug|x86
		Release|Any CPU = Release|Any CPU
		Release|x64 = Release|x64
		Release|x86 = Release|x86
	EndGlobalSection
	GlobalSection(ProjectConfigurationPlatforms) = postSolution
		{7730AEEE-5540-4E56-8725-66E2E8D8D686}.Debug|Any CPU.ActiveCfg = Debug|Any CPU
		{7730AEEE-5540-4E56-8725-66E2E8D8D686}.Debug|Any CPU.Build.0 = Debug|Any CPU
		{7730AEEE-5540-4E56-8725-66E2E8D8D686}.Debug|x64.ActiveCfg = Debug|Any CPU
		{7730AEEE-5540-4E56-8725-66E2E8D8D686}.Debug|x64.Build.0 = Debug|Any CPU
		{7730AEEE-5540-4E56-8725-66E2E8D8D686}.Debug|x86.ActiveCfg = Debug|Any CPU
		{7730AEEE-5540-4E56-8725-66E2E8D8D686}.Debug|x86.Build.0 = Debug|Any CPU
		{7730AEEE-5540-4E56-8725-66E2E8D8D686}.Release|Any CPU.ActiveCfg = Release|Any CPU
		{7730AEEE-5540-4E56-8725-66E2E8D8D686}.Release|Any CPU.Build.0 = Release|Any CPU
		{7730AEEE-5540-4E56-8725-66E2E8D8D686}.Release|x64.ActiveCfg = Release|Any CPU
		{7730AEEE-5540-4E56-8725-66E2E8D8D686}.Release|x64.Build.0 = Release|Any CPU
		{7730AEEE-5540-4E56-8725-66E2E8D8D686}.Release|x86.ActiveCfg = Release|Any CPU
		{7730AEEE-5540-4E56-8725-66E2E8D8D686}.Release|x86.Build.0 = Release|Any CPU
		{68FCA961-7AD2-453D-9790-322D470A78AF}.Debug|Any CPU.ActiveCfg = Debug|Any CPU
		{68FCA961-7AD2-453D-9790-322D470A78AF}.Debug|Any CPU.Build.0 = Debug|Any CPU
		{68FCA961-7AD2-453D-9790-322D470A78AF}.Debug|x64.ActiveCfg = Debug|Any CPU
		{68FCA961-7AD2-453D-9790-322D470A78AF}.Debug|x64.Build.0 = Debug|Any CPU
		{68FCA961-7AD2-453D-9790-322D470A78AF}.Debug|x86.ActiveCfg = Debug|Any CPU
		{68FCA961-7AD2-453D-9790-322D470A78AF}.Debug|x86.Build.0 = Debug|Any CPU
		{68FCA961-7AD2-453D-9790-322D470A78AF}.Release|Any CPU.ActiveCfg = Release|Any CPU
		{68FCA961-7AD2-453D-9790-322D470A78AF}.Release|Any CPU.Build.0 = Release|Any CPU
		{68FCA961-7AD2-453D-9790-322D470A78AF}.Release|x64.ActiveCfg = Release|Any CPU
		{68FCA961-7AD2-453D-9790-322D470A78AF}.Release|x64.Build.0 = Release|Any CPU
		{68FCA961-7AD2-453D-9790-322D470A78AF}.Release|x86.ActiveCfg = Release|Any CPU
		{68FCA961-7AD2-453D-9790-322D470A78AF}.Release|x86.Build.0 = Release|Any CPU
		{EA7DB9C1-1001-4DB5-B6E4-403F522A12C4}.Debug|Any CPU.ActiveCfg = Debug|Any CPU
		{EA7DB9C1-1001-4DB5-B6E4-403F522A12C4}.Debug|Any CPU.Build.0 = Debug|Any CPU
		{EA7DB9C1-1001-4DB5-B6E4-403F522A12C4}.Debug|x64.ActiveCfg = Debug|Any CPU
		{EA7DB9C1-1001-4DB5-B6E4-403F522A12C4}.Debug|x64.Build.0 = Debug|Any CPU
		{EA7DB9C1-1001-4DB5-B6E4-403F522A12C4}.Debug|x86.ActiveCfg = Debug|Any CPU
		{EA7DB9C1-1001-4DB5-B6E4-403F522A12C4}.Debug|x86.Build.0 = Debug|Any CPU
		{EA7DB9C1-1001-4DB5-B6E4-403F522A12C4}.Release|Any CPU.ActiveCfg = Release|Any CPU
		{EA7DB9C1-1001-4DB5-B6E4-403F522A12C4}.Release|Any CPU.Build.0 = Release|Any CPU
		{EA7DB9C1-1001-4DB5-B6E4-403F522A12C4}.Release|x64.ActiveCfg = Release|Any CPU
		{EA7DB9C1-1001-4DB5-B6E4-403F522A12C4}.Release|x64.Build.0 = Release|Any CPU
		{EA7DB9C1-1001-4DB5-B6E4-403F522A12C4}.Release|x86.ActiveCfg = Release|Any CPU
		{EA7DB9C1-1001-4DB5-B6E4-403F522A12C4}.Release|x86.Build.0 = Release|Any CPU
		{E9710AB2-83D7-48D9-AE4C-B5F3FFFCEA23}.Debug|Any CPU.ActiveCfg = Debug|Any CPU
		{E9710AB2-83D7-48D9-AE4C-B5F3FFFCEA23}.Debug|Any CPU.Build.0 = Debug|Any CPU
		{E9710AB2-83D7-48D9-AE4C-B5F3FFFCEA23}.Debug|x64.ActiveCfg = Debug|Any CPU
		{E9710AB2-83D7-48D9-AE4C-B5F3FFFCEA23}.Debug|x64.Build.0 = Debug|Any CPU
		{E9710AB2-83D7-48D9-AE4C-B5F3FFFCEA23}.Debug|x86.ActiveCfg = Debug|Any CPU
		{E9710AB2-83D7-48D9-AE4C-B5F3FFFCEA23}.Debug|x86.Build.0 = Debug|Any CPU
		{E9710AB2-83D7-48D9-AE4C-B5F3FFFCEA23}.Release|Any CPU.ActiveCfg = Release|Any CPU
		{E9710AB2-83D7-48D9-AE4C-B5F3FFFCEA23}.Release|Any CPU.Build.0 = Release|Any CPU
		{E9710AB2-83D7-48D9-AE4C-B5F3FFFCEA23}.Release|x64.ActiveCfg = Release|Any CPU
		{E9710AB2-83D7-48D9-AE4C-B5F3FFFCEA23}.Release|x64.Build.0 = Release|Any CPU
		{E9710AB2-83D7-48D9-AE4C-B5F3FFFCEA23}.Release|x86.ActiveCfg = Release|Any CPU
		{E9710AB2-83D7-48D9-AE4C-B5F3FFFCEA23}.Release|x86.Build.0 = Release|Any CPU
		{6EEFFECC-C7DF-492B-A1F7-491F353BB55C}.Debug|Any CPU.ActiveCfg = Debug|Any CPU
		{6EEFFECC-C7DF-492B-A1F7-491F353BB55C}.Debug|Any CPU.Build.0 = Debug|Any CPU
		{6EEFFECC-C7DF-492B-A1F7-491F353BB55C}.Debug|x64.ActiveCfg = Debug|Any CPU
		{6EEFFECC-C7DF-492B-A1F7-491F353BB55C}.Debug|x64.Build.0 = Debug|Any CPU
		{6EEFFECC-C7DF-492B-A1F7-491F353BB55C}.Debug|x86.ActiveCfg = Debug|Any CPU
		{6EEFFECC-C7DF-492B-A1F7-491F353BB55C}.Debug|x86.Build.0 = Debug|Any CPU
		{6EEFFECC-C7DF-492B-A1F7-491F353BB55C}.Release|Any CPU.ActiveCfg = Release|Any CPU
		{6EEFFECC-C7DF-492B-A1F7-491F353BB55C}.Release|Any CPU.Build.0 = Release|Any CPU
		{6EEFFECC-C7DF-492B-A1F7-491F353BB55C}.Release|x64.ActiveCfg = Release|Any CPU
		{6EEFFECC-C7DF-492B-A1F7-491F353BB55C}.Release|x64.Build.0 = Release|Any CPU
		{6EEFFECC-C7DF-492B-A1F7-491F353BB55C}.Release|x86.ActiveCfg = Release|Any CPU
		{6EEFFECC-C7DF-492B-A1F7-491F353BB55C}.Release|x86.Build.0 = Release|Any CPU
		{9E21246A-B637-4411-88E0-B6E47A2D51FD}.Debug|Any CPU.ActiveCfg = Debug|Any CPU
		{9E21246A-B637-4411-88E0-B6E47A2D51FD}.Debug|Any CPU.Build.0 = Debug|Any CPU
		{9E21246A-B637-4411-88E0-B6E47A2D51FD}.Debug|x64.ActiveCfg = Debug|Any CPU
		{9E21246A-B637-4411-88E0-B6E47A2D51FD}.Debug|x64.Build.0 = Debug|Any CPU
		{9E21246A-B637-4411-88E0-B6E47A2D51FD}.Debug|x86.ActiveCfg = Debug|Any CPU
		{9E21246A-B637-4411-88E0-B6E47A2D51FD}.Debug|x86.Build.0 = Debug|Any CPU
		{9E21246A-B637-4411-88E0-B6E47A2D51FD}.Release|Any CPU.ActiveCfg = Release|Any CPU
		{9E21246A-B637-4411-88E0-B6E47A2D51FD}.Release|Any CPU.Build.0 = Release|Any CPU
		{9E21246A-B637-4411-88E0-B6E47A2D51FD}.Release|x64.ActiveCfg = Release|Any CPU
		{9E21246A-B637-4411-88E0-B6E47A2D51FD}.Release|x64.Build.0 = Release|Any CPU
		{9E21246A-B637-4411-88E0-B6E47A2D51FD}.Release|x86.ActiveCfg = Release|Any CPU
		{9E21246A-B637-4411-88E0-B6E47A2D51FD}.Release|x86.Build.0 = Release|Any CPU
		{FDB6DEC6-512B-42C2-95D6-5772D843E3F8}.Debug|Any CPU.ActiveCfg = Debug|Any CPU
		{FDB6DEC6-512B-42C2-95D6-5772D843E3F8}.Debug|Any CPU.Build.0 = Debug|Any CPU
		{FDB6DEC6-512B-42C2-95D6-5772D843E3F8}.Debug|x64.ActiveCfg = Debug|Any CPU
		{FDB6DEC6-512B-42C2-95D6-5772D843E3F8}.Debug|x64.Build.0 = Debug|Any CPU
		{FDB6DEC6-512B-42C2-95D6-5772D843E3F8}.Debug|x86.ActiveCfg = Debug|Any CPU
		{FDB6DEC6-512B-42C2-95D6-5772D843E3F8}.Debug|x86.Build.0 = Debug|Any CPU
		{FDB6DEC6-512B-42C2-95D6-5772D843E3F8}.Release|Any CPU.ActiveCfg = Release|Any CPU
		{FDB6DEC6-512B-42C2-95D6-5772D843E3F8}.Release|Any CPU.Build.0 = Release|Any CPU
		{FDB6DEC6-512B-42C2-95D6-5772D843E3F8}.Release|x64.ActiveCfg = Release|Any CPU
		{FDB6DEC6-512B-42C2-95D6-5772D843E3F8}.Release|x64.Build.0 = Release|Any CPU
		{FDB6DEC6-512B-42C2-95D6-5772D843E3F8}.Release|x86.ActiveCfg = Release|Any CPU
		{FDB6DEC6-512B-42C2-95D6-5772D843E3F8}.Release|x86.Build.0 = Release|Any CPU
		{6B9444C3-726A-483E-9D71-BE0229ACF28D}.Debug|Any CPU.ActiveCfg = Debug|Any CPU
		{6B9444C3-726A-483E-9D71-BE0229ACF28D}.Debug|Any CPU.Build.0 = Debug|Any CPU
		{6B9444C3-726A-483E-9D71-BE0229ACF28D}.Debug|x64.ActiveCfg = Debug|Any CPU
		{6B9444C3-726A-483E-9D71-BE0229ACF28D}.Debug|x64.Build.0 = Debug|Any CPU
		{6B9444C3-726A-483E-9D71-BE0229ACF28D}.Debug|x86.ActiveCfg = Debug|Any CPU
		{6B9444C3-726A-483E-9D71-BE0229ACF28D}.Debug|x86.Build.0 = Debug|Any CPU
		{6B9444C3-726A-483E-9D71-BE0229ACF28D}.Release|Any CPU.ActiveCfg = Release|Any CPU
		{6B9444C3-726A-483E-9D71-BE0229ACF28D}.Release|Any CPU.Build.0 = Release|Any CPU
		{6B9444C3-726A-483E-9D71-BE0229ACF28D}.Release|x64.ActiveCfg = Release|Any CPU
		{6B9444C3-726A-483E-9D71-BE0229ACF28D}.Release|x64.Build.0 = Release|Any CPU
		{6B9444C3-726A-483E-9D71-BE0229ACF28D}.Release|x86.ActiveCfg = Release|Any CPU
		{6B9444C3-726A-483E-9D71-BE0229ACF28D}.Release|x86.Build.0 = Release|Any CPU
		{88540E64-78F3-4ACA-B6A9-319EF2A2AF12}.Debug|Any CPU.ActiveCfg = Debug|Any CPU
		{88540E64-78F3-4ACA-B6A9-319EF2A2AF12}.Debug|Any CPU.Build.0 = Debug|Any CPU
		{88540E64-78F3-4ACA-B6A9-319EF2A2AF12}.Debug|x64.ActiveCfg = Debug|Any CPU
		{88540E64-78F3-4ACA-B6A9-319EF2A2AF12}.Debug|x64.Build.0 = Debug|Any CPU
		{88540E64-78F3-4ACA-B6A9-319EF2A2AF12}.Debug|x86.ActiveCfg = Debug|Any CPU
		{88540E64-78F3-4ACA-B6A9-319EF2A2AF12}.Debug|x86.Build.0 = Debug|Any CPU
		{88540E64-78F3-4ACA-B6A9-319EF2A2AF12}.Release|Any CPU.ActiveCfg = Release|Any CPU
		{88540E64-78F3-4ACA-B6A9-319EF2A2AF12}.Release|Any CPU.Build.0 = Release|Any CPU
		{88540E64-78F3-4ACA-B6A9-319EF2A2AF12}.Release|x64.ActiveCfg = Release|Any CPU
		{88540E64-78F3-4ACA-B6A9-319EF2A2AF12}.Release|x64.Build.0 = Release|Any CPU
		{88540E64-78F3-4ACA-B6A9-319EF2A2AF12}.Release|x86.ActiveCfg = Release|Any CPU
		{88540E64-78F3-4ACA-B6A9-319EF2A2AF12}.Release|x86.Build.0 = Release|Any CPU
		{B7DA7703-7CF5-43BF-9CE5-F2EF48314692}.Debug|Any CPU.ActiveCfg = Debug|Any CPU
		{B7DA7703-7CF5-43BF-9CE5-F2EF48314692}.Debug|Any CPU.Build.0 = Debug|Any CPU
		{B7DA7703-7CF5-43BF-9CE5-F2EF48314692}.Debug|x64.ActiveCfg = Debug|Any CPU
		{B7DA7703-7CF5-43BF-9CE5-F2EF48314692}.Debug|x64.Build.0 = Debug|Any CPU
		{B7DA7703-7CF5-43BF-9CE5-F2EF48314692}.Debug|x86.ActiveCfg = Debug|Any CPU
		{B7DA7703-7CF5-43BF-9CE5-F2EF48314692}.Debug|x86.Build.0 = Debug|Any CPU
		{B7DA7703-7CF5-43BF-9CE5-F2EF48314692}.Release|Any CPU.ActiveCfg = Release|Any CPU
		{B7DA7703-7CF5-43BF-9CE5-F2EF48314692}.Release|Any CPU.Build.0 = Release|Any CPU
		{B7DA7703-7CF5-43BF-9CE5-F2EF48314692}.Release|x64.ActiveCfg = Release|Any CPU
		{B7DA7703-7CF5-43BF-9CE5-F2EF48314692}.Release|x64.Build.0 = Release|Any CPU
		{B7DA7703-7CF5-43BF-9CE5-F2EF48314692}.Release|x86.ActiveCfg = Release|Any CPU
		{B7DA7703-7CF5-43BF-9CE5-F2EF48314692}.Release|x86.Build.0 = Release|Any CPU
		{B2499507-D66D-4058-987F-609EA96357AF}.Debug|Any CPU.ActiveCfg = Debug|Any CPU
		{B2499507-D66D-4058-987F-609EA96357AF}.Debug|Any CPU.Build.0 = Debug|Any CPU
		{B2499507-D66D-4058-987F-609EA96357AF}.Debug|x64.ActiveCfg = Debug|Any CPU
		{B2499507-D66D-4058-987F-609EA96357AF}.Debug|x64.Build.0 = Debug|Any CPU
		{B2499507-D66D-4058-987F-609EA96357AF}.Debug|x86.ActiveCfg = Debug|Any CPU
		{B2499507-D66D-4058-987F-609EA96357AF}.Debug|x86.Build.0 = Debug|Any CPU
		{B2499507-D66D-4058-987F-609EA96357AF}.Release|Any CPU.ActiveCfg = Release|Any CPU
		{B2499507-D66D-4058-987F-609EA96357AF}.Release|Any CPU.Build.0 = Release|Any CPU
		{B2499507-D66D-4058-987F-609EA96357AF}.Release|x64.ActiveCfg = Release|Any CPU
		{B2499507-D66D-4058-987F-609EA96357AF}.Release|x64.Build.0 = Release|Any CPU
		{B2499507-D66D-4058-987F-609EA96357AF}.Release|x86.ActiveCfg = Release|Any CPU
		{B2499507-D66D-4058-987F-609EA96357AF}.Release|x86.Build.0 = Release|Any CPU
		{246663C0-9694-4126-A794-EF36E5E4603F}.Debug|Any CPU.ActiveCfg = Debug|Any CPU
		{246663C0-9694-4126-A794-EF36E5E4603F}.Debug|Any CPU.Build.0 = Debug|Any CPU
		{246663C0-9694-4126-A794-EF36E5E4603F}.Debug|x64.ActiveCfg = Debug|Any CPU
		{246663C0-9694-4126-A794-EF36E5E4603F}.Debug|x64.Build.0 = Debug|Any CPU
		{246663C0-9694-4126-A794-EF36E5E4603F}.Debug|x86.ActiveCfg = Debug|Any CPU
		{246663C0-9694-4126-A794-EF36E5E4603F}.Debug|x86.Build.0 = Debug|Any CPU
		{246663C0-9694-4126-A794-EF36E5E4603F}.Release|Any CPU.ActiveCfg = Release|Any CPU
		{246663C0-9694-4126-A794-EF36E5E4603F}.Release|Any CPU.Build.0 = Release|Any CPU
		{246663C0-9694-4126-A794-EF36E5E4603F}.Release|x64.ActiveCfg = Release|Any CPU
		{246663C0-9694-4126-A794-EF36E5E4603F}.Release|x64.Build.0 = Release|Any CPU
		{246663C0-9694-4126-A794-EF36E5E4603F}.Release|x86.ActiveCfg = Release|Any CPU
		{246663C0-9694-4126-A794-EF36E5E4603F}.Release|x86.Build.0 = Release|Any CPU
		{7A02AE53-C117-4D4C-B886-6B1FFF748F2A}.Debug|Any CPU.ActiveCfg = Debug|Any CPU
		{7A02AE53-C117-4D4C-B886-6B1FFF748F2A}.Debug|Any CPU.Build.0 = Debug|Any CPU
		{7A02AE53-C117-4D4C-B886-6B1FFF748F2A}.Debug|x64.ActiveCfg = Debug|Any CPU
		{7A02AE53-C117-4D4C-B886-6B1FFF748F2A}.Debug|x64.Build.0 = Debug|Any CPU
		{7A02AE53-C117-4D4C-B886-6B1FFF748F2A}.Debug|x86.ActiveCfg = Debug|Any CPU
		{7A02AE53-C117-4D4C-B886-6B1FFF748F2A}.Debug|x86.Build.0 = Debug|Any CPU
		{7A02AE53-C117-4D4C-B886-6B1FFF748F2A}.Release|Any CPU.ActiveCfg = Release|Any CPU
		{7A02AE53-C117-4D4C-B886-6B1FFF748F2A}.Release|Any CPU.Build.0 = Release|Any CPU
		{7A02AE53-C117-4D4C-B886-6B1FFF748F2A}.Release|x64.ActiveCfg = Release|Any CPU
		{7A02AE53-C117-4D4C-B886-6B1FFF748F2A}.Release|x64.Build.0 = Release|Any CPU
		{7A02AE53-C117-4D4C-B886-6B1FFF748F2A}.Release|x86.ActiveCfg = Release|Any CPU
		{7A02AE53-C117-4D4C-B886-6B1FFF748F2A}.Release|x86.Build.0 = Release|Any CPU
	EndGlobalSection
	GlobalSection(SolutionProperties) = preSolution
		HideSolutionNode = FALSE
	EndGlobalSection
	GlobalSection(ExtensibilityGlobals) = postSolution
		SolutionGuid = {230C7672-7D7B-46CB-84E3-29CD42CEB720}
	EndGlobalSection
EndGlobal
